{
	"name": "test-app",
	"version": "1.0.0",
	"lockfileVersion": 3,
	"requires": true,
	"packages": {
		"": {
			"name": "test-app",
			"version": "1.0.0",
			"license": "ISC",
			"dependencies": {
				"@fonderie-js/auth": "../auth",
				"@fonderie-js/billing": "../billing",
				"@fonderie-js/config": "../config",
				"@fonderie-js/core": "../core",
				"@fonderie-js/courier": "../courier",
				"@fonderie-js/permissions": "../permissions",
				"@fonderie-js/store": "../store",
				"@fonderie-js/workspaces": "../workspaces"
			}
		},
		"../auth": {
			"name": "@fonderie-js/auth",
			"version": "0.0.1",
			"dependencies": {
				"bcryptjs": "^3.0.3",
				"jsonwebtoken": "^9.0.3"
			},
			"devDependencies": {
				"@fonderie-js/core": "../core",
				"@fonderie-js/courier": ".../courier",
				"@fonderie-js/store": "../store",
				"@types/bcryptjs": "^2.4.6",
				"@types/jsonwebtoken": "^9.0.10",
				"@types/node": "^25.6.0",
				"tsup": "^8.5.1",
				"tsx": "^4.21.0",
				"typescript": "^6.0.3"
			},
			"peerDependencies": {
				"@fonderie-js/core": "^0.0.1",
				"@fonderie-js/courier": "^0.0.1",
				"@fonderie-js/store": "^0.0.1"
			}
		},
		"../billing": {
			"name": "@fonderie-js/billing",
			"version": "0.0.1",
			"devDependencies": {
				"@fonderie-js/core": "../core",
				"@fonderie-js/store": "../store",
				"@types/node": "^25.6.0",
				"tsup": "^8.5.1",
				"tsx": "^4.21.0",
				"typescript": "^6.0.3"
			},
			"optionalDependencies": {
				"stripe": "^22.1.1"
			},
			"peerDependencies": {
				"@fonderie-js/core": "^0.0.1",
				"@fonderie-js/store": "^0.0.1"
			}
		},
		"../config": {
			"name": "@fonderie-js/config",
			"version": "0.0.1",
			"devDependencies": {
				"@fonderie-js/core": "../core",
				"@fonderie-js/store": "../store",
				"@types/node": "^25.6.0",
				"tsup": "^8.5.1",
				"tsx": "^4.21.0",
				"typescript": "^6.0.3"
			},
			"peerDependencies": {
				"@fonderie-js/core": "^0.0.1",
				"@fonderie-js/store": "^0.0.1"
			}
		},
		"../core": {
			"name": "@fonderie-js/core",
			"version": "0.0.1",
			"devDependencies": {
				"@types/node": "^25.6.0",
				"tsup": "^8.5.1",
				"tsx": "^4.21.0",
				"typescript": "^6.0.3"
			}
		},
		"../courier": {
			"name": "@fonderie-js/courier",
			"version": "0.0.1",
			"dependencies": {
				"nodemailer": "^8.0.7"
			},
			"devDependencies": {
				"@fonderie-js/core": "../core",
				"@fonderie-js/store": "../store",
				"@types/node": "^25.6.0",
				"@types/nodemailer": "^8.0.0",
				"tsup": "^8.5.1",
				"tsx": "^4.21.0",
				"typescript": "^6.0.3"
			},
			"peerDependencies": {
				"@fonderie-js/core": "^0.0.1",
				"@fonderie-js/store": "^0.0.1"
			}
		},
		"../permissions": {
			"name": "@fonderie-js/permissions",
			"version": "0.0.1",
			"devDependencies": {
				"@fonderie-js/core": "../core",
				"@fonderie-js/store": "../store",
				"@types/node": "^25.6.0",
				"tsup": "^8.5.1",
				"tsx": "^4.21.0",
				"typescript": "^6.0.3"
			},
			"peerDependencies": {
				"@fonderie-js/core": "^0.0.1",
				"@fonderie-js/store": "^0.0.1"
			}
		},
		"../store": {
			"name": "@fonderie-js/store",
			"version": "0.0.1",
			"dependencies": {
				"pg": "^8.20.0"
			},
			"devDependencies": {
				"@types/node": "^25.6.0",
				"@types/pg": "^8.20.0",
				"tsup": "^8.5.1",
				"tsx": "^4.21.0",
				"typescript": "^6.0.3"
			}
		},
		"../workspaces": {
			"name": "@fonderie-js/workspaces",
			"version": "0.0.1",
			"devDependencies": {
				"@fonderie-js/core": "../core",
				"@fonderie-js/courier": "../courier",
				"@fonderie-js/store": "../store",
				"@types/node": "^25.6.0",
				"tsup": "^8.5.1",
				"tsx": "^4.21.0",
				"typescript": "^6.0.3"
			},
			"peerDependencies": {
				"@fonderie-js/core": "^0.0.1",
				"@fonderie-js/courier": "^0.0.1",
				"@fonderie-js/store": "^0.0.1"
			}
		},
		"node_modules/@fonderie-js/auth": {
			"resolved": "../auth",
			"link": true
		},
		"node_modules/@fonderie-js/billing": {
			"resolved": "../billing",
			"link": true
		},
		"node_modules/@fonderie-js/config": {
			"resolved": "../config",
			"link": true
		},
		"node_modules/@fonderie-js/core": {
			"resolved": "../core",
			"link": true
		},
		"node_modules/@fonderie-js/courier": {
			"resolved": "../courier",
			"link": true
		},
		"node_modules/@fonderie-js/permissions": {
			"resolved": "../permissions",
			"link": true
		},
		"node_modules/@fonderie-js/store": {
			"resolved": "../store",
			"link": true
		},
		"node_modules/@fonderie-js/workspaces": {
			"resolved": "../workspaces",
			"link": true
		}
	}
}
